
Microsoft Visual Studio Solution File, Format Version 12.00
# Visual Studio Version 16
VisualStudioVersion = 16.0.28822.285
MinimumVisualStudioVersion = 10.0.40219.1
Project("{9A19103F-16F7-4668-BE54-9A1E7A4F7556}") = "LongBoardsBot", "LongBoardsBot\LongBoardsBot.csproj", "{B8F0D879-0903-4826-B825-98378DAF6DAE}"
EndProject
Project("{9A19103F-16F7-4668-BE54-9A1E7A4F7556}") = "Tests", "Tests\Tests.csproj", "{CE688871-C495-4935-8A0F-7CFE19B04944}"
EndProject
Project("{FAE04EC0-301F-11D3-BF4B-00C04F79EFBC}") = "BotLogic", "BotLogic\BotLogic.csproj", "{9832680E-6988-4BF0-901F-CC950D57DF8D}"
EndProject
Global
	GlobalSection(SolutionConfigurationPlatforms) = preSolution
		Debug|Any CPU = Debug|Any CPU
		Release|Any CPU = Release|Any CPU
	EndGlobalSection
	GlobalSection(ProjectConfigurationPlatforms) = postSolution
		{B8F0D879-0903-4826-B825-98378DAF6DAE}.Debug|Any CPU.ActiveCfg = Debug|Any CPU
		{B8F0D879-0903-4826-B825-98378DAF6DAE}.Debug|Any CPU.Build.0 = Debug|Any CPU
		{B8F0D879-0903-4826-B825-98378DAF6DAE}.Release|Any CPU.ActiveCfg = Release|Any CPU
		{B8F0D879-0903-4826-B825-98378DAF6DAE}.Release|Any CPU.Build.0 = Release|Any CPU
		{CE688871-C495-4935-8A0F-7CFE19B04944}.Debug|Any CPU.ActiveCfg = Debug|Any CPU
		{CE688871-C495-4935-8A0F-7CFE19B04944}.Debug|Any CPU.Build.0 = Debug|Any CPU
		{CE688871-C495-4935-8A0F-7CFE19B04944}.Release|Any CPU.ActiveCfg = Release|Any CPU
		{CE688871-C495-4935-8A0F-7CFE19B04944}.Release|Any CPU.Build.0 = Release|Any CPU
		{9832680E-6988-4BF0-901F-CC950D57DF8D}.Debug|Any CPU.ActiveCfg = Debug|Any CPU
		{9832680E-6988-4BF0-901F-CC950D57DF8D}.Debug|Any CPU.Build.0 = Debug|Any CPU
		{9832680E-6988-4BF0-901F-CC950D57DF8D}.Release|Any CPU.ActiveCfg = Release|Any CPU
		{9832680E-6988-4BF0-901F-CC950D57DF8D}.Release|Any CPU.Build.0 = Release|Any CPU
	EndGlobalSection
	GlobalSection(SolutionProperties) = preSolution
		HideSolutionNode = FALSE
	EndGlobalSection
	GlobalSection(ExtensibilityGlobals) = postSolution
		SolutionGuid = {824867AA-E17B-4848-92B5-599AB0CAA435}
	EndGlobalSection
EndGlobal
